lockfileVersion: '9.0'

settings:
  autoInstallPeers: true
  excludeLinksFromLockfile: false

importers:

  .:
    dependencies:
      '@modelcontextprotocol/sdk':
        specifier: ^0.5.0
        version: 0.5.0
      '@octokit/rest':
        specifier: ^20.0.2
        version: 20.1.2
      dotenv:
        specifier: ^16.4.5
        version: 16.6.1
    devDependencies:
      '@types/node':
        specifier: ^20.11.0
        version: 20.19.27
      tsx:
        specifier: ^4.7.0
        version: 4.21.0
      typescript:
        specifier: ^5.3.3
        version: 5.9.3

packages:

  '@esbuild/aix-ppc64@0.27.2':
    resolution: {integrity: sha512-GZMB+a0mOMZs4MpDbj8RJp4cw+w1WV5NYD6xzgvzUJ5Ek2jerwfO2eADyI6ExDSUED+1X8aMbegahsJi+8mgpw==}
    engines: {node: '>=18'}
    cpu: [ppc64]
    os: [aix]

  '@esbuild/android-arm64@0.27.2':
    resolution: {integrity: sha512-pvz8ZZ7ot/RBphf8fv60ljmaoydPU12VuXHImtAs0XhLLw+EXBi2BLe3OYSBslR4rryHvweW5gmkKFwTiFy6KA==}
    engines: {node: '>=18'}
    cpu: [arm64]
    os: [android]

  '@esbuild/android-arm@0.27.2':
    resolution: {integrity: sha512-DVNI8jlPa7Ujbr1yjU2PfUSRtAUZPG9I1RwW4F4xFB1Imiu2on0ADiI/c3td+KmDtVKNbi+nffGDQMfcIMkwIA==}
    engines: {node: '>=18'}
    cpu: [arm]
    os: [android]

  '@esbuild/android-x64@0.27.2':
    resolution: {integrity: sha512-z8Ank4Byh4TJJOh4wpz8g2vDy75zFL0TlZlkUkEwYXuPSgX8yzep596n6mT7905kA9uHZsf/o2OJZubl2l3M7A==}
    engines: {node: '>=18'}
    cpu: [x64]
    os: [android]

  '@esbuild/darwin-arm64@0.27.2':
    resolution: {integrity: sha512-davCD2Zc80nzDVRwXTcQP/28fiJbcOwvdolL0sOiOsbwBa72kegmVU0Wrh1MYrbuCL98Omp5dVhQFWRKR2ZAlg==}
    engines: {node: '>=18'}
    cpu: [arm64]
    os: [darwin]

  '@esbuild/darwin-x64@0.27.2':
    resolution: {integrity: sha512-ZxtijOmlQCBWGwbVmwOF/UCzuGIbUkqB1faQRf5akQmxRJ1ujusWsb3CVfk/9iZKr2L5SMU5wPBi1UWbvL+VQA==}
    engines: {node: '>=18'}
    cpu: [x64]
    os: [darwin]

  '@esbuild/freebsd-arm64@0.27.2':
    resolution: {integrity: sha512-lS/9CN+rgqQ9czogxlMcBMGd+l8Q3Nj1MFQwBZJyoEKI50XGxwuzznYdwcav6lpOGv5BqaZXqvBSiB/kJ5op+g==}
    engines: {node: '>=18'}
    cpu: [arm64]
    os: [freebsd]

  '@esbuild/freebsd-x64@0.27.2':
    resolution: {integrity: sha512-tAfqtNYb4YgPnJlEFu4c212HYjQWSO/w/h/lQaBK7RbwGIkBOuNKQI9tqWzx7Wtp7bTPaGC6MJvWI608P3wXYA==}
    engines: {node: '>=18'}
    cpu: [x64]
    os: [freebsd]

  '@esbuild/linux-arm64@0.27.2':
    resolution: {integrity: sha512-hYxN8pr66NsCCiRFkHUAsxylNOcAQaxSSkHMMjcpx0si13t1LHFphxJZUiGwojB1a/Hd5OiPIqDdXONia6bhTw==}
    engines: {node: '>=18'}
    cpu: [arm64]
    os: [linux]

  '@esbuild/linux-arm@0.27.2':
    resolution: {integrity: sha512-vWfq4GaIMP9AIe4yj1ZUW18RDhx6EPQKjwe7n8BbIecFtCQG4CfHGaHuh7fdfq+y3LIA2vGS/o9ZBGVxIDi9hw==}
    engines: {node: '>=18'}
    cpu: [arm]
    os: [linux]

  '@esbuild/linux-ia32@0.27.2':
    resolution: {integrity: sha512-MJt5BRRSScPDwG2hLelYhAAKh9imjHK5+NE/tvnRLbIqUWa+0E9N4WNMjmp/kXXPHZGqPLxggwVhz7QP8CTR8w==}
    engines: {node: '>=18'}
    cpu: [ia32]
    os: [linux]

  '@esbuild/linux-loong64@0.27.2':
    resolution: {integrity: sha512-lugyF1atnAT463aO6KPshVCJK5NgRnU4yb3FUumyVz+cGvZbontBgzeGFO1nF+dPueHD367a2ZXe1NtUkAjOtg==}
    engines: {node: '>=18'}
    cpu: [loong64]
    os: [linux]

  '@esbuild/linux-mips64el@0.27.2':
    resolution: {integrity: sha512-nlP2I6ArEBewvJ2gjrrkESEZkB5mIoaTswuqNFRv/WYd+ATtUpe9Y09RnJvgvdag7he0OWgEZWhviS1OTOKixw==}
    engines: {node: '>=18'}
    cpu: [mips64el]
    os: [linux]

  '@esbuild/linux-ppc64@0.27.2':
    resolution: {integrity: sha512-C92gnpey7tUQONqg1n6dKVbx3vphKtTHJaNG2Ok9lGwbZil6DrfyecMsp9CrmXGQJmZ7iiVXvvZH6Ml5hL6XdQ==}
    engines: {node: '>=18'}
    cpu: [ppc64]
    os: [linux]

  '@esbuild/linux-riscv64@0.27.2':
    resolution: {integrity: sha512-B5BOmojNtUyN8AXlK0QJyvjEZkWwy/FKvakkTDCziX95AowLZKR6aCDhG7LeF7uMCXEJqwa8Bejz5LTPYm8AvA==}
    engines: {node: '>=18'}
    cpu: [riscv64]
    os: [linux]

  '@esbuild/linux-s390x@0.27.2':
    resolution: {integrity: sha512-p4bm9+wsPwup5Z8f4EpfN63qNagQ47Ua2znaqGH6bqLlmJ4bx97Y9JdqxgGZ6Y8xVTixUnEkoKSHcpRlDnNr5w==}
    engines: {node: '>=18'}
    cpu: [s390x]
    os: [linux]

  '@esbuild/linux-x64@0.27.2':
    resolution: {integrity: sha512-uwp2Tip5aPmH+NRUwTcfLb+W32WXjpFejTIOWZFw/v7/KnpCDKG66u4DLcurQpiYTiYwQ9B7KOeMJvLCu/OvbA==}
    engines: {node: '>=18'}
    cpu: [x64]
    os: [linux]

  '@esbuild/netbsd-arm64@0.27.2':
    resolution: {integrity: sha512-Kj6DiBlwXrPsCRDeRvGAUb/LNrBASrfqAIok+xB0LxK8CHqxZ037viF13ugfsIpePH93mX7xfJp97cyDuTZ3cw==}
    engines: {node: '>=18'}
    cpu: [arm64]
    os: [netbsd]

  '@esbuild/netbsd-x64@0.27.2':
    resolution: {integrity: sha512-HwGDZ0VLVBY3Y+Nw0JexZy9o/nUAWq9MlV7cahpaXKW6TOzfVno3y3/M8Ga8u8Yr7GldLOov27xiCnqRZf0tCA==}
    engines: {node: '>=18'}
    cpu: [x64]
    os: [netbsd]

  '@esbuild/openbsd-arm64@0.27.2':
    resolution: {integrity: sha512-DNIHH2BPQ5551A7oSHD0CKbwIA/Ox7+78/AWkbS5QoRzaqlev2uFayfSxq68EkonB+IKjiuxBFoV8ESJy8bOHA==}
    engines: {node: '>=18'}
    cpu: [arm64]
    os: [openbsd]

  '@esbuild/openbsd-x64@0.27.2':
    resolution: {integrity: sha512-/it7w9Nb7+0KFIzjalNJVR5bOzA9Vay+yIPLVHfIQYG/j+j9VTH84aNB8ExGKPU4AzfaEvN9/V4HV+F+vo8OEg==}
    engines: {node: '>=18'}
    cpu: [x64]
    os: [openbsd]

  '@esbuild/openharmony-arm64@0.27.2':
    resolution: {integrity: sha512-LRBbCmiU51IXfeXk59csuX/aSaToeG7w48nMwA6049Y4J4+VbWALAuXcs+qcD04rHDuSCSRKdmY63sruDS5qag==}
    engines: {node: '>=18'}
    cpu: [arm64]
    os: [openharmony]

  '@esbuild/sunos-x64@0.27.2':
    resolution: {integrity: sha512-kMtx1yqJHTmqaqHPAzKCAkDaKsffmXkPHThSfRwZGyuqyIeBvf08KSsYXl+abf5HDAPMJIPnbBfXvP2ZC2TfHg==}
    engines: {node: '>=18'}
    cpu: [x64]
    os: [sunos]

  '@esbuild/win32-arm64@0.27.2':
    resolution: {integrity: sha512-Yaf78O/B3Kkh+nKABUF++bvJv5Ijoy9AN1ww904rOXZFLWVc5OLOfL56W+C8F9xn5JQZa3UX6m+IktJnIb1Jjg==}
    engines: {node: '>=18'}
    cpu: [arm64]
    os: [win32]

  '@esbuild/win32-ia32@0.27.2':
    resolution: {integrity: sha512-Iuws0kxo4yusk7sw70Xa2E2imZU5HoixzxfGCdxwBdhiDgt9vX9VUCBhqcwY7/uh//78A1hMkkROMJq9l27oLQ==}
    engines: {node: '>=18'}
    cpu: [ia32]
    os: [win32]

  '@esbuild/win32-x64@0.27.2':
    resolution: {integrity: sha512-sRdU18mcKf7F+YgheI/zGf5alZatMUTKj/jNS6l744f9u3WFu4v7twcUI9vu4mknF4Y9aDlblIie0IM+5xxaqQ==}
    engines: {node: '>=18'}
    cpu: [x64]
    os: [win32]

  '@modelcontextprotocol/sdk@0.5.0':
    resolution: {integrity: sha512-RXgulUX6ewvxjAG0kOpLMEdXXWkzWgaoCGaA2CwNW7cQCIphjpJhjpHSiaPdVCnisjRF/0Cm9KWHUuIoeiAblQ==}

  '@octokit/auth-token@4.0.0':
    resolution: {integrity: sha512-tY/msAuJo6ARbK6SPIxZrPBms3xPbfwBrulZe0Wtr/DIY9lje2HeV1uoebShn6mx7SjCHif6EjMvoREj+gZ+SA==}
    engines: {node: '>= 18'}

  '@octokit/core@5.2.2':
    resolution: {integrity: sha512-/g2d4sW9nUDJOMz3mabVQvOGhVa4e/BN/Um7yca9Bb2XTzPPnfTWHWQg+IsEYO7M3Vx+EXvaM/I2pJWIMun1bg==}
    engines: {node: '>= 18'}

  '@octokit/endpoint@9.0.6':
    resolution: {integrity: sha512-H1fNTMA57HbkFESSt3Y9+FBICv+0jFceJFPWDePYlR/iMGrwM5ph+Dd4XRQs+8X+PUFURLQgX9ChPfhJ/1uNQw==}
    engines: {node: '>= 18'}

  '@octokit/graphql@7.1.1':
    resolution: {integrity: sha512-3mkDltSfcDUoa176nlGoA32RGjeWjl3K7F/BwHwRMJUW/IteSa4bnSV8p2ThNkcIcZU2umkZWxwETSSCJf2Q7g==}
    engines: {node: '>= 18'}

  '@octokit/openapi-types@24.2.0':
    resolution: {integrity: sha512-9sIH3nSUttelJSXUrmGzl7QUBFul0/mB8HRYl3fOlgHbIWG+WnYDXU3v/2zMtAvuzZ/ed00Ei6on975FhBfzrg==}

  '@octokit/plugin-paginate-rest@11.4.4-cjs.2':
    resolution: {integrity: sha512-2dK6z8fhs8lla5PaOTgqfCGBxgAv/le+EhPs27KklPhm1bKObpu6lXzwfUEQ16ajXzqNrKMujsFyo9K2eaoISw==}
    engines: {node: '>= 18'}
    peerDependencies:
      '@octokit/core': '5'

  '@octokit/plugin-request-log@4.0.1':
    resolution: {integrity: sha512-GihNqNpGHorUrO7Qa9JbAl0dbLnqJVrV8OXe2Zm5/Y4wFkZQDfTreBzVmiRfJVfE4mClXdihHnbpyyO9FSX4HA==}
    engines: {node: '>= 18'}
    peerDependencies:
      '@octokit/core': '5'

  '@octokit/plugin-rest-endpoint-methods@13.3.2-cjs.1':
    resolution: {integrity: sha512-VUjIjOOvF2oELQmiFpWA1aOPdawpyaCUqcEBc/UOUnj3Xp6DJGrJ1+bjUIIDzdHjnFNO6q57ODMfdEZnoBkCwQ==}
    engines: {node: '>= 18'}
    peerDependencies:
      '@octokit/core': ^5

  '@octokit/request-error@5.1.1':
    resolution: {integrity: sha512-v9iyEQJH6ZntoENr9/yXxjuezh4My67CBSu9r6Ve/05Iu5gNgnisNWOsoJHTP6k0Rr0+HQIpnH+kyammu90q/g==}
    engines: {node: '>= 18'}

  '@octokit/request@8.4.1':
    resolution: {integrity: sha512-qnB2+SY3hkCmBxZsR/MPCybNmbJe4KAlfWErXq+rBKkQJlbjdJeS85VI9r8UqeLYLvnAenU8Q1okM/0MBsAGXw==}
    engines: {node: '>= 18'}

  '@octokit/rest@20.1.2':
    resolution: {integrity: sha512-GmYiltypkHHtihFwPRxlaorG5R9VAHuk/vbszVoRTGXnAsY60wYLkh/E2XiFmdZmqrisw+9FaazS1i5SbdWYgA==}
    engines: {node: '>= 18'}

  '@octokit/types@13.10.0':
    resolution: {integrity: sha512-ifLaO34EbbPj0Xgro4G5lP5asESjwHracYJvVaPIyXMuiuXLlhic3S47cBdTb+jfODkTE5YtGCLt3Ay3+J97sA==}

  '@types/node@20.19.27':
    resolution: {integrity: sha512-N2clP5pJhB2YnZJ3PIHFk5RkygRX5WO/5f0WC08tp0wd+sv0rsJk3MqWn3CbNmT2J505a5336jaQj4ph1AdMug==}

  before-after-hook@2.2.3:
    resolution: {integrity: sha512-NzUnlZexiaH/46WDhANlyR2bXRopNg4F/zuSA3OpZnllCUgRaOF2znDioDWrmbNVsuZk6l9pMquQB38cfBZwkQ==}

  bytes@3.1.2:
    resolution: {integrity: sha512-/Nf7TyzTx6S3yRJObOAV7956r8cr2+Oj8AC5dt8wSP3BQAoeX58NoHyCU8P8zGkNXStjTSi6fzO6F0pBdcYbEg==}
    engines: {node: '>= 0.8'}

  content-type@1.0.5:
    resolution: {integrity: sha512-nTjqfcBFEipKdXCv4YDQWCfmcLZKm81ldF0pAopTvyrFGVbcR6P/VAAd5G7N+0tTr8QqiU0tFadD6FK4NtJwOA==}
    engines: {node: '>= 0.6'}

  depd@2.0.0:
    resolution: {integrity: sha512-g7nH6P6dyDioJogAAGprGpCtVImJhpPk/roCzdb3fIh61/s/nPsfR6onyMwkCAR/OlC3yBC0lESvUoQEAssIrw==}
    engines: {node: '>= 0.8'}

  deprecation@2.3.1:
    resolution: {integrity: sha512-xmHIy4F3scKVwMsQ4WnVaS8bHOx0DmVwRywosKhaILI0ywMDWPtBSku2HNxRvF7jtwDRsoEwYQSfbxj8b7RlJQ==}

  dotenv@16.6.1:
    resolution: {integrity: sha512-uBq4egWHTcTt33a72vpSG0z3HnPuIl6NqYcTrKEg2azoEyl2hpW0zqlxysq2pK9HlDIHyHyakeYaYnSAwd8bow==}
    engines: {node: '>=12'}

  esbuild@0.27.2:
    resolution: {integrity: sha512-HyNQImnsOC7X9PMNaCIeAm4ISCQXs5a5YasTXVliKv4uuBo1dKrG0A+uQS8M5eXjVMnLg3WgXaKvprHlFJQffw==}
    engines: {node: '>=18'}
    hasBin: true

  fsevents@2.3.3:
    resolution: {integrity: sha512-5xoDfX+fL7faATnagmWPpbFtwh/R77WmMMqqHGS65C3vvB0YHrgF+B1YmZ3441tMj5n63k0212XNoJwzlhffQw==}
    engines: {node: ^8.16.0 || ^10.6.0 || >=11.0.0}
    os: [darwin]

  get-tsconfig@4.13.0:
    resolution: {integrity: sha512-1VKTZJCwBrvbd+Wn3AOgQP/2Av+TfTCOlE4AcRJE72W1ksZXbAx8PPBR9RzgTeSPzlPMHrbANMH3LbltH73wxQ==}

  http-errors@2.0.1:
    resolution: {integrity: sha512-4FbRdAX+bSdmo4AUFuS0WNiPz8NgFt+r8ThgNWmlrjQjt1Q7ZR9+zTlce2859x4KSXrwIsaeTqDoKQmtP8pLmQ==}
    engines: {node: '>= 0.8'}

  iconv-lite@0.7.1:
    resolution: {integrity: sha512-2Tth85cXwGFHfvRgZWszZSvdo+0Xsqmw8k8ZwxScfcBneNUraK+dxRxRm24nszx80Y0TVio8kKLt5sLE7ZCLlw==}
    engines: {node: '>=0.10.0'}

  inherits@2.0.4:
    resolution: {integrity: sha512-k/vGaX4/Yla3WzyMCvTQOXYeIHvqOKtnqBduzTHpzpQZzAskKMhZ2K+EnBiSM9zGSoIFeMpXKxa4dYeZIQqewQ==}

  once@1.4.0:
    resolution: {integrity: sha512-lNaJgI+2Q5URQBkccEKHTQOPaXdUxnZZElQTZY0MFUAuaEqe1E+Nyvgdz/aIyNi6Z9MzO5dv1H8n58/GELp3+w==}

  raw-body@3.0.2:
    resolution: {integrity: sha512-K5zQjDllxWkf7Z5xJdV0/B0WTNqx6vxG70zJE4N0kBs4LovmEYWJzQGxC9bS9RAKu3bgM40lrd5zoLJ12MQ5BA==}
    engines: {node: '>= 0.10'}

  resolve-pkg-maps@1.0.0:
    resolution: {integrity: sha512-seS2Tj26TBVOC2NIc2rOe2y2ZO7efxITtLZcGSOnHHNOQ7CkiUBfw0Iw2ck6xkIhPwLhKNLS8BO+hEpngQlqzw==}

  safer-buffer@2.1.2:
    resolution: {integrity: sha512-YZo3K82SD7Riyi0E1EQPojLz7kpepnSQI9IyPbHHg1XXXevb5dJI7tpyN2ADxGcQbHG7vcyRHk0cbwqcQriUtg==}

  setprototypeof@1.2.0:
    resolution: {integrity: sha512-E5LDX7Wrp85Kil5bhZv46j8jOeboKq5JMmYM3gVGdGH8xFpPWXUMsNrlODCrkoxMEeNi/XZIwuRvY4XNwYMJpw==}

  statuses@2.0.2:
    resolution: {integrity: sha512-DvEy55V3DB7uknRo+4iOGT5fP1slR8wQohVdknigZPMpMstaKJQWhwiYBACJE3Ul2pTnATihhBYnRhZQHGBiRw==}
    engines: {node: '>= 0.8'}

  toidentifier@1.0.1:
    resolution: {integrity: sha512-o5sSPKEkg/DIQNmH43V0/uerLrpzVedkUh8tGNvaeXpfpuwjKenlSox/2O/BTlZUtEe+JG7s5YhEz608PlAHRA==}
    engines: {node: '>=0.6'}

  tsx@4.21.0:
    resolution: {integrity: sha512-5C1sg4USs1lfG0GFb2RLXsdpXqBSEhAaA/0kPL01wxzpMqLILNxIxIOKiILz+cdg/pLnOUxFYOR5yhHU666wbw==}
    engines: {node: '>=18.0.0'}
    hasBin: true

  typescript@5.9.3:
    resolution: {integrity: sha512-jl1vZzPDinLr9eUt3J/t7V6FgNEw9QjvBPdysz9KfQDD41fQrC2Y4vKQdiaUpFT4bXlb1RHhLpp8wtm6M5TgSw==}
    engines: {node: '>=14.17'}
    hasBin: true

  undici-types@6.21.0:
    resolution: {integrity: sha512-iwDZqg0QAGrg9Rav5H4n0M64c3mkR59cJ6wQp+7C4nI0gsmExaedaYLNO44eT4AtBBwjbTiGPMlt2Md0T9H9JQ==}

  universal-user-agent@6.0.1:
    resolution: {integrity: sha512-yCzhz6FN2wU1NiiQRogkTQszlQSlpWaw8SvVegAc+bDxbzHgh1vX8uIe8OYyMH6DwH+sdTJsgMl36+mSMdRJIQ==}

  unpipe@1.0.0:
    resolution: {integrity: sha512-pjy2bYhSsufwWlKwPc+l3cN7+wuJlK6uz0YdJEOlQDbl6jo/YlPi4mb8agUkVC8BF7V8NuzeyPNqRksA3hztKQ==}
    engines: {node: '>= 0.8'}

  wrappy@1.0.2:
    resolution: {integrity: sha512-l4Sp/DRseor9wL6EvV2+TuQn63dMkPjZ/sp9XkghTEbV9KlPS1xUsZ3u7/IQO4wxtcFB4bgpQPRcR3QCvezPcQ==}

  zod@3.25.76:
    resolution: {integrity: sha512-gzUt/qt81nXsFGKIFcC3YnfEAx5NkunCfnDlvuBSSFS02bcXu4Lmea0AFIUwbLWxWPx3d9p8S5QoaujKcNQxcQ==}

snapshots:

  '@esbuild/aix-ppc64@0.27.2':
    optional: true

  '@esbuild/android-arm64@0.27.2':
    optional: true

  '@esbuild/android-arm@0.27.2':
    optional: true

  '@esbuild/android-x64@0.27.2':
    optional: true

  '@esbuild/darwin-arm64@0.27.2':
    optional: true

  '@esbuild/darwin-x64@0.27.2':
    optional: true

  '@esbuild/freebsd-arm64@0.27.2':
    optional: true

  '@esbuild/freebsd-x64@0.27.2':
    optional: true

  '@esbuild/linux-arm64@0.27.2':
    optional: true

  '@esbuild/linux-arm@0.27.2':
    optional: true

  '@esbuild/linux-ia32@0.27.2':
    optional: true

  '@esbuild/linux-loong64@0.27.2':
    optional: true

  '@esbuild/linux-mips64el@0.27.2':
    optional: true

  '@esbuild/linux-ppc64@0.27.2':
    optional: true

  '@esbuild/linux-riscv64@0.27.2':
    optional: true

  '@esbuild/linux-s390x@0.27.2':
    optional: true

  '@esbuild/linux-x64@0.27.2':
    optional: true

  '@esbuild/netbsd-arm64@0.27.2':
    optional: true

  '@esbuild/netbsd-x64@0.27.2':
    optional: true

  '@esbuild/openbsd-arm64@0.27.2':
    optional: true

  '@esbuild/openbsd-x64@0.27.2':
    optional: true

  '@esbuild/openharmony-arm64@0.27.2':
    optional: true

  '@esbuild/sunos-x64@0.27.2':
    optional: true

  '@esbuild/win32-arm64@0.27.2':
    optional: true

  '@esbuild/win32-ia32@0.27.2':
    optional: true

  '@esbuild/win32-x64@0.27.2':
    optional: true

  '@modelcontextprotocol/sdk@0.5.0':
    dependencies:
      content-type: 1.0.5
      raw-body: 3.0.2
      zod: 3.25.76

  '@octokit/auth-token@4.0.0': {}

  '@octokit/core@5.2.2':
    dependencies:
      '@octokit/auth-token': 4.0.0
      '@octokit/graphql': 7.1.1
      '@octokit/request': 8.4.1
      '@octokit/request-error': 5.1.1
      '@octokit/types': 13.10.0
      before-after-hook: 2.2.3
      universal-user-agent: 6.0.1

  '@octokit/endpoint@9.0.6':
    dependencies:
      '@octokit/types': 13.10.0
      universal-user-agent: 6.0.1

  '@octokit/graphql@7.1.1':
    dependencies:
      '@octokit/request': 8.4.1
      '@octokit/types': 13.10.0
      universal-user-agent: 6.0.1

  '@octokit/openapi-types@24.2.0': {}

  '@octokit/plugin-paginate-rest@11.4.4-cjs.2(@octokit/core@5.2.2)':
    dependencies:
      '@octokit/core': 5.2.2
      '@octokit/types': 13.10.0

  '@octokit/plugin-request-log@4.0.1(@octokit/core@5.2.2)':
    dependencies:
      '@octokit/core': 5.2.2

  '@octokit/plugin-rest-endpoint-methods@13.3.2-cjs.1(@octokit/core@5.2.2)':
    dependencies:
      '@octokit/core': 5.2.2
      '@octokit/types': 13.10.0

  '@octokit/request-error@5.1.1':
    dependencies:
      '@octokit/types': 13.10.0
      deprecation: 2.3.1
      once: 1.4.0

  '@octokit/request@8.4.1':
    dependencies:
      '@octokit/endpoint': 9.0.6
      '@octokit/request-error': 5.1.1
      '@octokit/types': 13.10.0
      universal-user-agent: 6.0.1

  '@octokit/rest@20.1.2':
    dependencies:
      '@octokit/core': 5.2.2
      '@octokit/plugin-paginate-rest': 11.4.4-cjs.2(@octokit/core@5.2.2)
      '@octokit/plugin-request-log': 4.0.1(@octokit/core@5.2.2)
      '@octokit/plugin-rest-endpoint-methods': 13.3.2-cjs.1(@octokit/core@5.2.2)

  '@octokit/types@13.10.0':
    dependencies:
      '@octokit/openapi-types': 24.2.0

  '@types/node@20.19.27':
    dependencies:
      undici-types: 6.21.0

  before-after-hook@2.2.3: {}

  bytes@3.1.2: {}

  content-type@1.0.5: {}

  depd@2.0.0: {}

  deprecation@2.3.1: {}

  dotenv@16.6.1: {}

  esbuild@0.27.2:
    optionalDependencies:
      '@esbuild/aix-ppc64': 0.27.2
      '@esbuild/android-arm': 0.27.2
      '@esbuild/android-arm64': 0.27.2
      '@esbuild/android-x64': 0.27.2
      '@esbuild/darwin-arm64': 0.27.2
      '@esbuild/darwin-x64': 0.27.2
      '@esbuild/freebsd-arm64': 0.27.2
      '@esbuild/freebsd-x64': 0.27.2
      '@esbuild/linux-arm': 0.27.2
      '@esbuild/linux-arm64': 0.27.2
      '@esbuild/linux-ia32': 0.27.2
      '@esbuild/linux-loong64': 0.27.2
      '@esbuild/linux-mips64el': 0.27.2
      '@esbuild/linux-ppc64': 0.27.2
      '@esbuild/linux-riscv64': 0.27.2
      '@esbuild/linux-s390x': 0.27.2
      '@esbuild/linux-x64': 0.27.2
      '@esbuild/netbsd-arm64': 0.27.2
      '@esbuild/netbsd-x64': 0.27.2
      '@esbuild/openbsd-arm64': 0.27.2
      '@esbuild/openbsd-x64': 0.27.2
      '@esbuild/openharmony-arm64': 0.27.2
      '@esbuild/sunos-x64': 0.27.2
      '@esbuild/win32-arm64': 0.27.2
      '@esbuild/win32-ia32': 0.27.2
      '@esbuild/win32-x64': 0.27.2

  fsevents@2.3.3:
    optional: true

  get-tsconfig@4.13.0:
    dependencies:
      resolve-pkg-maps: 1.0.0

  http-errors@2.0.1:
    dependencies:
      depd: 2.0.0
      inherits: 2.0.4
      setprototypeof: 1.2.0
      statuses: 2.0.2
      toidentifier: 1.0.1

  iconv-lite@0.7.1:
    dependencies:
      safer-buffer: 2.1.2

  inherits@2.0.4: {}

  once@1.4.0:
    dependencies:
      wrappy: 1.0.2

  raw-body@3.0.2:
    dependencies:
      bytes: 3.1.2
      http-errors: 2.0.1
      iconv-lite: 0.7.1
      unpipe: 1.0.0

  resolve-pkg-maps@1.0.0: {}

  safer-buffer@2.1.2: {}

  setprototypeof@1.2.0: {}

  statuses@2.0.2: {}

  toidentifier@1.0.1: {}

  tsx@4.21.0:
    dependencies:
      esbuild: 0.27.2
      get-tsconfig: 4.13.0
    optionalDependencies:
      fsevents: 2.3.3

  typescript@5.9.3: {}

  undici-types@6.21.0: {}

  universal-user-agent@6.0.1: {}

  unpipe@1.0.0: {}

  wrappy@1.0.2: {}

  zod@3.25.76: {}
